
Microsoft Visual Studio Solution File, Format Version 12.00
# Visual Studio Version 17
VisualStudioVersion = 17.3.32929.385
MinimumVisualStudioVersion = 10.0.40219.1
Project("{9A19103F-16F7-4668-BE54-9A1E7A4F7556}") = "WebShopFurniture", "WebShopFurniture\WebShopFurniture.csproj", "{4C9C5557-63B7-4B53-837B-0FC625E4C214}"
EndProject
Global
	GlobalSection(SolutionConfigurationPlatforms) = preSolution
		Debug|Any CPU = Debug|Any CPU
		Release|Any CPU = Release|Any CPU
	EndGlobalSection
	GlobalSection(ProjectConfigurationPlatforms) = postSolution
		{4C9C5557-63B7-4B53-837B-0FC625E4C214}.Debug|Any CPU.ActiveCfg = Debug|Any CPU
		{4C9C5557-63B7-4B53-837B-0FC625E4C214}.Debug|Any CPU.Build.0 = Debug|Any CPU
		{4C9C5557-63B7-4B53-837B-0FC625E4C214}.Release|Any CPU.ActiveCfg = Release|Any CPU
		{4C9C5557-63B7-4B53-837B-0FC625E4C214}.Release|Any CPU.Build.0 = Release|Any CPU
	EndGlobalSection
	GlobalSection(SolutionProperties) = preSolution
		HideSolutionNode = FALSE
	EndGlobalSection
	GlobalSection(ExtensibilityGlobals) = postSolution
		SolutionGuid = {53C62861-844F-48AF-B581-A062B74A2CD7}
	EndGlobalSection
EndGlobal
